
Microsoft Visual Studio Solution File, Format Version 12.00
# Visual Studio Version 17
VisualStudioVersion = 17.6.33723.286
MinimumVisualStudioVersion = 10.0.40219.1
Project("{9A19103F-16F7-4668-BE54-9A1E7A4F7556}") = "FlightBookingAPI", "FlightBookingAPI\FlightBookingAPI.csproj", "{B4A2A033-CA67-46E4-8E55-E4C265FDE051}"
EndProject
Project("{FAE04EC0-301F-11D3-BF4B-00C04F79EFBC}") = "FlightsBookerClient", "FlightsBookerClient\FlightsBookerClient.csproj", "{2CADE506-00B4-4D3A-A387-CD3FCA4EAA1B}"
EndProject
Global
	GlobalSection(SolutionConfigurationPlatforms) = preSolution
		Debug|Any CPU = Debug|Any CPU
		Release|Any CPU = Release|Any CPU
	EndGlobalSection
	GlobalSection(ProjectConfigurationPlatforms) = postSolution
		{B4A2A033-CA67-46E4-8E55-E4C265FDE051}.Debug|Any CPU.ActiveCfg = Debug|Any CPU
		{B4A2A033-CA67-46E4-8E55-E4C265FDE051}.Debug|Any CPU.Build.0 = Debug|Any CPU
		{B4A2A033-CA67-46E4-8E55-E4C265FDE051}.Release|Any CPU.ActiveCfg = Release|Any CPU
		{B4A2A033-CA67-46E4-8E55-E4C265FDE051}.Release|Any CPU.Build.0 = Release|Any CPU
		{2CADE506-00B4-4D3A-A387-CD3FCA4EAA1B}.Debug|Any CPU.ActiveCfg = Debug|Any CPU
		{2CADE506-00B4-4D3A-A387-CD3FCA4EAA1B}.Debug|Any CPU.Build.0 = Debug|Any CPU
		{2CADE506-00B4-4D3A-A387-CD3FCA4EAA1B}.Release|Any CPU.ActiveCfg = Release|Any CPU
		{2CADE506-00B4-4D3A-A387-CD3FCA4EAA1B}.Release|Any CPU.Build.0 = Release|Any CPU
	EndGlobalSection
	GlobalSection(SolutionProperties) = preSolution
		HideSolutionNode = FALSE
	EndGlobalSection
	GlobalSection(ExtensibilityGlobals) = postSolution
		SolutionGuid = {1C763B07-A28B-42BD-BC8C-135AAF8EA922}
	EndGlobalSection
EndGlobal
